// !$*UTF8*$!
{
	archiveVersion = 1;
	classes = {
	};
	objectVersion = 77;
	objects = {

/* Begin PBXBuildFile section */
		A5485A002E61648B00CBA95F /* MTK-Extensions in Frameworks */ = {isa = PBXBuildFile; fileRef = A54858BC2E60DE9000CBA95F /* MTK-Extensions */; };
		A576DD802E565DA900B8CA82 /* Foundation.framework in Frameworks */ = {isa = PBXBuildFile; fileRef = A576DD7F2E565DA900B8CA82 /* Foundation.framework */; };
		A576DD822E565DB200B8CA82 /* Cocoa.framework in Frameworks */ = {isa = PBXBuildFile; fileRef = A576DD812E565DB200B8CA82 /* Cocoa.framework */; };
		A576DD842E565DBA00B8CA82 /* AppKit.framework in Frameworks */ = {isa = PBXBuildFile; fileRef = A576DD832E565DBA00B8CA82 /* AppKit.framework */; };
		A576DD862E565DC000B8CA82 /* QuartzCore.framework in Frameworks */ = {isa = PBXBuildFile; fileRef = A576DD852E565DC000B8CA82 /* QuartzCore.framework */; };
		A576DD882E565DC500B8CA82 /* MetalKit.framework in Frameworks */ = {isa = PBXBuildFile; fileRef = A576DD872E565DC500B8CA82 /* MetalKit.framework */; };
		A576DD8A2E565DCB00B8CA82 /* Metal.framework in Frameworks */ = {isa = PBXBuildFile; fileRef = A576DD892E565DCB00B8CA82 /* Metal.framework */; };
		A576DD8C2E565E6700B8CA82 /* AppKit-Extensions in Frameworks */ = {isa = PBXBuildFile; fileRef = A576DD8B2E565E6700B8CA82 /* AppKit-Extensions */; };
		A576DD8E2E565EB200B8CA82 /* libfreetype.a in Frameworks */ = {isa = PBXBuildFile; fileRef = A576DD8D2E565EB200B8CA82 /* libfreetype.a */; };
/* End PBXBuildFile section */

/* Begin PBXCopyFilesBuildPhase section */
		A576DD722E5655F400B8CA82 /* CopyFiles */ = {
			isa = PBXCopyFilesBuildPhase;
			buildActionMask = 2147483647;
			dstPath = /usr/share/man/man1/;
			dstSubfolderSpec = 0;
			files = (
			);
			runOnlyForDeploymentPostprocessing = 1;
		};
/* End PBXCopyFilesBuildPhase section */

/* Begin PBXFileReference section */
		A54858BC2E60DE9000CBA95F /* MTK-Extensions */ = {isa = PBXFileReference; lastKnownFileType = archive.ar; name = "MTK-Extensions"; path = "../MTK-Extensions-Library/MTK-Extensions"; sourceTree = "<group>"; };
		A576DD742E5655F400B8CA82 /* gui */ = {isa = PBXFileReference; explicitFileType = "compiled.mach-o.executable"; includeInIndex = 0; path = gui; sourceTree = BUILT_PRODUCTS_DIR; };
		A576DD7F2E565DA900B8CA82 /* Foundation.framework */ = {isa = PBXFileReference; lastKnownFileType = wrapper.framework; name = Foundation.framework; path = System/Library/Frameworks/Foundation.framework; sourceTree = SDKROOT; };
		A576DD812E565DB200B8CA82 /* Cocoa.framework */ = {isa = PBXFileReference; lastKnownFileType = wrapper.framework; name = Cocoa.framework; path = System/Library/Frameworks/Cocoa.framework; sourceTree = SDKROOT; };
		A576DD832E565DBA00B8CA82 /* AppKit.framework */ = {isa = PBXFileReference; lastKnownFileType = wrapper.framework; name = AppKit.framework; path = System/Library/Frameworks/AppKit.framework; sourceTree = SDKROOT; };
		A576DD852E565DC000B8CA82 /* QuartzCore.framework */ = {isa = PBXFileReference; lastKnownFileType = wrapper.framework; name = QuartzCore.framework; path = System/Library/Frameworks/QuartzCore.framework; sourceTree = SDKROOT; };
		A576DD872E565DC500B8CA82 /* MetalKit.framework */ = {isa = PBXFileReference; lastKnownFileType = wrapper.framework; name = MetalKit.framework; path = System/Library/Frameworks/MetalKit.framework; sourceTree = SDKROOT; };
		A576DD892E565DCB00B8CA82 /* Metal.framework */ = {isa = PBXFileReference; lastKnownFileType = wrapper.framework; name = Metal.framework; path = System/Library/Frameworks/Metal.framework; sourceTree = SDKROOT; };
		A576DD8B2E565E6700B8CA82 /* AppKit-Extensions */ = {isa = PBXFileReference; lastKnownFileType = archive.ar; name = "AppKit-Extensions"; path = "../AppKit-Extensions-Library/AppKit-Extensions"; sourceTree = "<group>"; };
		A576DD8D2E565EB200B8CA82 /* libfreetype.a */ = {isa = PBXFileReference; lastKnownFileType = archive.ar; name = libfreetype.a; path = ../../../../../opt/homebrew/Cellar/freetype/2.13.3/lib/libfreetype.a; sourceTree = "<group>"; };
/* End PBXFileReference section */

/* Begin PBXFileSystemSynchronizedGroupBuildPhaseMembershipExceptionSet section */
		A52990782E57D29600C93D30 /* Exceptions for "gui" folder in "Compile Sources" phase from "gui" target */ = {
			isa = PBXFileSystemSynchronizedGroupBuildPhaseMembershipExceptionSet;
			buildPhase = A576DD702E5655F400B8CA82 /* Sources */;
			membershipExceptions = (
				RenderTree/render_tree.hpp,
			);
		};
/* End PBXFileSystemSynchronizedGroupBuildPhaseMembershipExceptionSet section */

/* Begin PBXFileSystemSynchronizedRootGroup section */
		A576DD762E5655F400B8CA82 /* gui */ = {
			isa = PBXFileSystemSynchronizedRootGroup;
			exceptions = (
				A52990782E57D29600C93D30 /* Exceptions for "gui" folder in "Compile Sources" phase from "gui" target */,
			);
			path = gui;
			sourceTree = "<group>";
		};
/* End PBXFileSystemSynchronizedRootGroup section */

/* Begin PBXFrameworksBuildPhase section */
		A576DD712E5655F400B8CA82 /* Frameworks */ = {
			isa = PBXFrameworksBuildPhase;
			buildActionMask = 2147483647;
			files = (
				A5485A002E61648B00CBA95F /* MTK-Extensions in Frameworks */,
				A576DD8E2E565EB200B8CA82 /* libfreetype.a in Frameworks */,
				A576DD8C2E565E6700B8CA82 /* AppKit-Extensions in Frameworks */,
				A576DD842E565DBA00B8CA82 /* AppKit.framework in Frameworks */,
				A576DD802E565DA900B8CA82 /* Foundation.framework in Frameworks */,
				A576DD822E565DB200B8CA82 /* Cocoa.framework in Frameworks */,
				A576DD8A2E565DCB00B8CA82 /* Metal.framework in Frameworks */,
				A576DD882E565DC500B8CA82 /* MetalKit.framework in Frameworks */,
				A576DD862E565DC000B8CA82 /* QuartzCore.framework in Frameworks */,
			);
			runOnlyForDeploymentPostprocessing = 0;
		};
/* End PBXFrameworksBuildPhase section */

/* Begin PBXGroup section */
		A576DD6B2E5655F400B8CA82 = {
			isa = PBXGroup;
			children = (
				A576DD762E5655F400B8CA82 /* gui */,
				A576DD7E2E565DA900B8CA82 /* Frameworks */,
				A576DD752E5655F400B8CA82 /* Products */,
			);
			sourceTree = "<group>";
		};
		A576DD752E5655F400B8CA82 /* Products */ = {
			isa = PBXGroup;
			children = (
				A576DD742E5655F400B8CA82 /* gui */,
			);
			name = Products;
			sourceTree = "<group>";
		};
		A576DD7E2E565DA900B8CA82 /* Frameworks */ = {
			isa = PBXGroup;
			children = (
				A54858BC2E60DE9000CBA95F /* MTK-Extensions */,
				A576DD8D2E565EB200B8CA82 /* libfreetype.a */,
				A576DD8B2E565E6700B8CA82 /* AppKit-Extensions */,
				A576DD892E565DCB00B8CA82 /* Metal.framework */,
				A576DD872E565DC500B8CA82 /* MetalKit.framework */,
				A576DD852E565DC000B8CA82 /* QuartzCore.framework */,
				A576DD832E565DBA00B8CA82 /* AppKit.framework */,
				A576DD812E565DB200B8CA82 /* Cocoa.framework */,
				A576DD7F2E565DA900B8CA82 /* Foundation.framework */,
			);
			name = Frameworks;
			sourceTree = "<group>";
		};
/* End PBXGroup section */

/* Begin PBXNativeTarget section */
		A576DD732E5655F400B8CA82 /* gui */ = {
			isa = PBXNativeTarget;
			buildConfigurationList = A576DD7B2E5655F400B8CA82 /* Build configuration list for PBXNativeTarget "gui" */;
			buildPhases = (
				A576DD702E5655F400B8CA82 /* Sources */,
				A576DD712E5655F400B8CA82 /* Frameworks */,
				A576DD722E5655F400B8CA82 /* CopyFiles */,
			);
			buildRules = (
			);
			dependencies = (
			);
			fileSystemSynchronizedGroups = (
				A576DD762E5655F400B8CA82 /* gui */,
			);
			name = gui;
			packageProductDependencies = (
			);
			productName = gui;
			productReference = A576DD742E5655F400B8CA82 /* gui */;
			productType = "com.apple.product-type.tool";
		};
/* End PBXNativeTarget section */

/* Begin PBXProject section */
		A576DD6C2E5655F400B8CA82 /* Project object */ = {
			isa = PBXProject;
			attributes = {
				BuildIndependentTargetsInParallel = 1;
				LastUpgradeCheck = 1640;
				TargetAttributes = {
					A576DD732E5655F400B8CA82 = {
						CreatedOnToolsVersion = 16.4;
						LastSwiftMigration = 1640;
					};
				};
			};
			buildConfigurationList = A576DD6F2E5655F400B8CA82 /* Build configuration list for PBXProject "gui" */;
			developmentRegion = en;
			hasScannedForEncodings = 0;
			knownRegions = (
				en,
				Base,
			);
			mainGroup = A576DD6B2E5655F400B8CA82;
			minimizedProjectReferenceProxies = 1;
			preferredProjectObjectVersion = 77;
			productRefGroup = A576DD752E5655F400B8CA82 /* Products */;
			projectDirPath = "";
			projectRoot = "";
			targets = (
				A576DD732E5655F400B8CA82 /* gui */,
			);
		};
/* End PBXProject section */

/* Begin PBXSourcesBuildPhase section */
		A576DD702E5655F400B8CA82 /* Sources */ = {
			isa = PBXSourcesBuildPhase;
			buildActionMask = 2147483647;
			files = (
			);
			runOnlyForDeploymentPostprocessing = 0;
		};
/* End PBXSourcesBuildPhase section */

/* Begin XCBuildConfiguration section */
		A576DD792E5655F400B8CA82 /* Debug */ = {
			isa = XCBuildConfiguration;
			buildSettings = {
				ALWAYS_SEARCH_USER_PATHS = NO;
				ASSETCATALOG_COMPILER_GENERATE_SWIFT_ASSET_SYMBOL_EXTENSIONS = YES;
				CLANG_ANALYZER_NONNULL = YES;
				CLANG_ANALYZER_NUMBER_OBJECT_CONVERSION = YES_AGGRESSIVE;
				CLANG_CXX_LANGUAGE_STANDARD = "c++23";
				CLANG_ENABLE_MODULES = YES;
				CLANG_ENABLE_OBJC_ARC = YES;
				CLANG_ENABLE_OBJC_WEAK = YES;
				CLANG_WARN_BLOCK_CAPTURE_AUTORELEASING = YES;
				CLANG_WARN_BOOL_CONVERSION = YES;
				CLANG_WARN_COMMA = YES;
				CLANG_WARN_CONSTANT_CONVERSION = YES;
				CLANG_WARN_DEPRECATED_OBJC_IMPLEMENTATIONS = YES;
				CLANG_WARN_DIRECT_OBJC_ISA_USAGE = YES_ERROR;
				CLANG_WARN_DOCUMENTATION_COMMENTS = YES;
				CLANG_WARN_EMPTY_BODY = YES;
				CLANG_WARN_ENUM_CONVERSION = YES;
				CLANG_WARN_INFINITE_RECURSION = YES;
				CLANG_WARN_INT_CONVERSION = YES;
				CLANG_WARN_NON_LITERAL_NULL_CONVERSION = YES;
				CLANG_WARN_OBJC_IMPLICIT_RETAIN_SELF = YES;
				CLANG_WARN_OBJC_LITERAL_CONVERSION = YES;
				CLANG_WARN_OBJC_ROOT_CLASS = YES_ERROR;
				CLANG_WARN_QUOTED_INCLUDE_IN_FRAMEWORK_HEADER = YES;
				CLANG_WARN_RANGE_LOOP_ANALYSIS = YES;
				CLANG_WARN_STRICT_PROTOTYPES = YES;
				CLANG_WARN_SUSPICIOUS_MOVE = YES;
				CLANG_WARN_UNGUARDED_AVAILABILITY = YES_AGGRESSIVE;
				CLANG_WARN_UNREACHABLE_CODE = YES;
				CLANG_WARN__DUPLICATE_METHOD_MATCH = YES;
				COPY_PHASE_STRIP = NO;
				DEBUG_INFORMATION_FORMAT = dwarf;
				ENABLE_STRICT_OBJC_MSGSEND = YES;
				ENABLE_TESTABILITY = YES;
				ENABLE_USER_SCRIPT_SANDBOXING = YES;
				GCC_C_LANGUAGE_STANDARD = gnu17;
				GCC_DYNAMIC_NO_PIC = NO;
				GCC_NO_COMMON_BLOCKS = YES;
				GCC_OPTIMIZATION_LEVEL = 0;
				GCC_PREPROCESSOR_DEFINITIONS = (
					"DEBUG=1",
					"$(inherited)",
				);
				GCC_WARN_64_TO_32_BIT_CONVERSION = YES;
				GCC_WARN_ABOUT_RETURN_TYPE = YES_ERROR;
				GCC_WARN_UNDECLARED_SELECTOR = YES;
				GCC_WARN_UNINITIALIZED_AUTOS = YES_AGGRESSIVE;
				GCC_WARN_UNUSED_FUNCTION = YES;
				GCC_WARN_UNUSED_VARIABLE = YES;
				HEADER_SEARCH_PATHS = (
					/opt/homebrew/opt/freetype/include/freetype2,
					"/Users/treja/projects/gui/AppKit-Extensions-Library",
					"/Users/treja/metal-cpp-extensions",
					"/Users/treja/metal-cpp",
					"/Users/treja/projects/gui/MTK-Extensions-Library",
				);
				LOCALIZATION_PREFERS_STRING_CATALOGS = YES;
				MACOSX_DEPLOYMENT_TARGET = 15.5;
				MTL_ENABLE_DEBUG_INFO = INCLUDE_SOURCE;
				MTL_FAST_MATH = YES;
				ONLY_ACTIVE_ARCH = YES;
				SDKROOT = macosx;
			};
			name = Debug;
		};
		A576DD7A2E5655F400B8CA82 /* Release */ = {
			isa = XCBuildConfiguration;
			buildSettings = {
				ALWAYS_SEARCH_USER_PATHS = NO;
				ASSETCATALOG_COMPILER_GENERATE_SWIFT_ASSET_SYMBOL_EXTENSIONS = YES;
				CLANG_ANALYZER_NONNULL = YES;
				CLANG_ANALYZER_NUMBER_OBJECT_CONVERSION = YES_AGGRESSIVE;
				CLANG_CXX_LANGUAGE_STANDARD = "c++23";
				CLANG_ENABLE_MODULES = YES;
				CLANG_ENABLE_OBJC_ARC = YES;
				CLANG_ENABLE_OBJC_WEAK = YES;
				CLANG_WARN_BLOCK_CAPTURE_AUTORELEASING = YES;
				CLANG_WARN_BOOL_CONVERSION = YES;
				CLANG_WARN_COMMA = YES;
				CLANG_WARN_CONSTANT_CONVERSION = YES;
				CLANG_WARN_DEPRECATED_OBJC_IMPLEMENTATIONS = YES;
				CLANG_WARN_DIRECT_OBJC_ISA_USAGE = YES_ERROR;
				CLANG_WARN_DOCUMENTATION_COMMENTS = YES;
				CLANG_WARN_EMPTY_BODY = YES;
				CLANG_WARN_ENUM_CONVERSION = YES;
				CLANG_WARN_INFINITE_RECURSION = YES;
				CLANG_WARN_INT_CONVERSION = YES;
				CLANG_WARN_NON_LITERAL_NULL_CONVERSION = YES;
				CLANG_WARN_OBJC_IMPLICIT_RETAIN_SELF = YES;
				CLANG_WARN_OBJC_LITERAL_CONVERSION = YES;
				CLANG_WARN_OBJC_ROOT_CLASS = YES_ERROR;
				CLANG_WARN_QUOTED_INCLUDE_IN_FRAMEWORK_HEADER = YES;
				CLANG_WARN_RANGE_LOOP_ANALYSIS = YES;
				CLANG_WARN_STRICT_PROTOTYPES = YES;
				CLANG_WARN_SUSPICIOUS_MOVE = YES;
				CLANG_WARN_UNGUARDED_AVAILABILITY = YES_AGGRESSIVE;
				CLANG_WARN_UNREACHABLE_CODE = YES;
				CLANG_WARN__DUPLICATE_METHOD_MATCH = YES;
				COPY_PHASE_STRIP = NO;
				DEBUG_INFORMATION_FORMAT = "dwarf-with-dsym";
				ENABLE_NS_ASSERTIONS = NO;
				ENABLE_STRICT_OBJC_MSGSEND = YES;
				ENABLE_USER_SCRIPT_SANDBOXING = YES;
				GCC_C_LANGUAGE_STANDARD = gnu17;
				GCC_NO_COMMON_BLOCKS = YES;
				GCC_WARN_64_TO_32_BIT_CONVERSION = YES;
				GCC_WARN_ABOUT_RETURN_TYPE = YES_ERROR;
				GCC_WARN_UNDECLARED_SELECTOR = YES;
				GCC_WARN_UNINITIALIZED_AUTOS = YES_AGGRESSIVE;
				GCC_WARN_UNUSED_FUNCTION = YES;
				GCC_WARN_UNUSED_VARIABLE = YES;
				HEADER_SEARCH_PATHS = (
					/opt/homebrew/opt/freetype/include/freetype2,
					"/Users/treja/projects/gui/AppKit-Extensions-Library",
					"/Users/treja/metal-cpp-extensions",
					"/Users/treja/metal-cpp",
					"/Users/treja/projects/gui/MTK-Extensions-Library",
				);
				LOCALIZATION_PREFERS_STRING_CATALOGS = YES;
				MACOSX_DEPLOYMENT_TARGET = 15.5;
				MTL_ENABLE_DEBUG_INFO = NO;
				MTL_FAST_MATH = YES;
				SDKROOT = macosx;
			};
			name = Release;
		};
		A576DD7C2E5655F400B8CA82 /* Debug */ = {
			isa = XCBuildConfiguration;
			buildSettings = {
				CLANG_ENABLE_MODULES = YES;
				CODE_SIGN_STYLE = Automatic;
				LIBRARY_SEARCH_PATHS = (
					"$(inherited)",
					/opt/homebrew/Cellar/freetype/2.13.3/lib,
				);
				PRODUCT_NAME = "$(TARGET_NAME)";
				SWIFT_OPTIMIZATION_LEVEL = "-Onone";
				SWIFT_VERSION = 6.0;
			};
			name = Debug;
		};
		A576DD7D2E5655F400B8CA82 /* Release */ = {
			isa = XCBuildConfiguration;
			buildSettings = {
				CLANG_ENABLE_MODULES = YES;
				CODE_SIGN_STYLE = Automatic;
				LIBRARY_SEARCH_PATHS = (
					"$(inherited)",
					/opt/homebrew/Cellar/freetype/2.13.3/lib,
				);
				PRODUCT_NAME = "$(TARGET_NAME)";
				SWIFT_VERSION = 6.0;
			};
			name = Release;
		};
/* End XCBuildConfiguration section */

/* Begin XCConfigurationList section */
		A576DD6F2E5655F400B8CA82 /* Build configuration list for PBXProject "gui" */ = {
			isa = XCConfigurationList;
			buildConfigurations = (
				A576DD792E5655F400B8CA82 /* Debug */,
				A576DD7A2E5655F400B8CA82 /* Release */,
			);
			defaultConfigurationIsVisible = 0;
			defaultConfigurationName = Release;
		};
		A576DD7B2E5655F400B8CA82 /* Build configuration list for PBXNativeTarget "gui" */ = {
			isa = XCConfigurationList;
			buildConfigurations = (
				A576DD7C2E5655F400B8CA82 /* Debug */,
				A576DD7D2E5655F400B8CA82 /* Release */,
			);
			defaultConfigurationIsVisible = 0;
			defaultConfigurationName = Release;
		};
/* End XCConfigurationList section */
	};
	rootObject = A576DD6C2E5655F400B8CA82 /* Project object */;
}
